
Microsoft Visual Studio Solution File, Format Version 12.00
# Visual Studio Version 17
VisualStudioVersion = 17.3.32819.101
MinimumVisualStudioVersion = 10.0.40219.1
Project("{FAE04EC0-301F-11D3-BF4B-00C04F79EFBC}") = "My-Digital-Wallet-API", "My-Digital-Wallet-API\My-Digital-Wallet-API.csproj", "{AC164445-88F2-470F-8D44-2F2D13655CEE}"
EndProject
Global
	GlobalSection(SolutionConfigurationPlatforms) = preSolution
		Debug|Any CPU = Debug|Any CPU
		Release|Any CPU = Release|Any CPU
	EndGlobalSection
	GlobalSection(ProjectConfigurationPlatforms) = postSolution
		{AC164445-88F2-470F-8D44-2F2D13655CEE}.Debug|Any CPU.ActiveCfg = Debug|Any CPU
		{AC164445-88F2-470F-8D44-2F2D13655CEE}.Debug|Any CPU.Build.0 = Debug|Any CPU
		{AC164445-88F2-470F-8D44-2F2D13655CEE}.Release|Any CPU.ActiveCfg = Release|Any CPU
		{AC164445-88F2-470F-8D44-2F2D13655CEE}.Release|Any CPU.Build.0 = Release|Any CPU
	EndGlobalSection
	GlobalSection(SolutionProperties) = preSolution
		HideSolutionNode = FALSE
	EndGlobalSection
	GlobalSection(ExtensibilityGlobals) = postSolution
		SolutionGuid = {7EACB6C9-DDC7-4C10-94BC-0F0F4A37D298}
	EndGlobalSection
EndGlobal
